
Microsoft Visual Studio Solution File, Format Version 12.00
# Visual Studio Version 17
VisualStudioVersion = 17.8.34316.72
MinimumVisualStudioVersion = 10.0.40219.1
Project("{FAE04EC0-301F-11D3-BF4B-00C04F79EFBC}") = "BlogWebApi", "BlogWebApi\BlogWebApi.csproj", "{CEBEC7A1-C03F-46DD-B81C-7E1110F74FDA}"
EndProject
Global
	GlobalSection(SolutionConfigurationPlatforms) = preSolution
		Debug|Any CPU = Debug|Any CPU
		Release|Any CPU = Release|Any CPU
	EndGlobalSection
	GlobalSection(ProjectConfigurationPlatforms) = postSolution
		{CEBEC7A1-C03F-46DD-B81C-7E1110F74FDA}.Debug|Any CPU.ActiveCfg = Debug|Any CPU
		{CEBEC7A1-C03F-46DD-B81C-7E1110F74FDA}.Debug|Any CPU.Build.0 = Debug|Any CPU
		{CEBEC7A1-C03F-46DD-B81C-7E1110F74FDA}.Release|Any CPU.ActiveCfg = Release|Any CPU
		{CEBEC7A1-C03F-46DD-B81C-7E1110F74FDA}.Release|Any CPU.Build.0 = Release|Any CPU
	EndGlobalSection
	GlobalSection(SolutionProperties) = preSolution
		HideSolutionNode = FALSE
	EndGlobalSection
	GlobalSection(ExtensibilityGlobals) = postSolution
		SolutionGuid = {1C263F35-8FB0-4825-8643-346B1E784D66}
	EndGlobalSection
EndGlobal
